
Microsoft Visual Studio Solution File, Format Version 12.00
# Visual Studio Version 17
VisualStudioVersion = 17.8.34309.116
MinimumVisualStudioVersion = 10.0.40219.1
Project("{FAE04EC0-301F-11D3-BF4B-00C04F79EFBC}") = "Customers_Linq", "Customers_Linq\Customers_Linq.csproj", "{8C39CAE6-7AF4-4351-8A55-4B6B66DC612C}"
EndProject
Global
	GlobalSection(SolutionConfigurationPlatforms) = preSolution
		Debug|Any CPU = Debug|Any CPU
		Release|Any CPU = Release|Any CPU
	EndGlobalSection
	GlobalSection(ProjectConfigurationPlatforms) = postSolution
		{8C39CAE6-7AF4-4351-8A55-4B6B66DC612C}.Debug|Any CPU.ActiveCfg = Debug|Any CPU
		{8C39CAE6-7AF4-4351-8A55-4B6B66DC612C}.Debug|Any CPU.Build.0 = Debug|Any CPU
		{8C39CAE6-7AF4-4351-8A55-4B6B66DC612C}.Release|Any CPU.ActiveCfg = Release|Any CPU
		{8C39CAE6-7AF4-4351-8A55-4B6B66DC612C}.Release|Any CPU.Build.0 = Release|Any CPU
	EndGlobalSection
	GlobalSection(SolutionProperties) = preSolution
		HideSolutionNode = FALSE
	EndGlobalSection
	GlobalSection(ExtensibilityGlobals) = postSolution
		SolutionGuid = {282C9682-E68B-4343-9957-3084FF30975E}
	EndGlobalSection
EndGlobal
